// !$*UTF8*$!
{
	archiveVersion = 1;
	classes = {
	};
	objectVersion = 46;
	objects = {

/* Begin PBXBuildFile section */
		EF3526A419BC8E9F006A5521 /* Foundation.framework in Frameworks */ = {isa = PBXBuildFile; fileRef = EF3526A319BC8E9F006A5521 /* Foundation.framework */; };
		EF3526A619BC8E9F006A5521 /* CoreGraphics.framework in Frameworks */ = {isa = PBXBuildFile; fileRef = EF3526A519BC8E9F006A5521 /* CoreGraphics.framework */; };
		EF3526A819BC8E9F006A5521 /* UIKit.framework in Frameworks */ = {isa = PBXBuildFile; fileRef = EF3526A719BC8E9F006A5521 /* UIKit.framework */; };
		EF3526AE19BC8E9F006A5521 /* InfoPlist.strings in Resources */ = {isa = PBXBuildFile; fileRef = EF3526AC19BC8E9F006A5521 /* InfoPlist.strings */; };
		EF3526B019BC8E9F006A5521 /* main.m in Sources */ = {isa = PBXBuildFile; fileRef = EF3526AF19BC8E9F006A5521 /* main.m */; };
		EF3526B419BC8E9F006A5521 /* AppDelegate.m in Sources */ = {isa = PBXBuildFile; fileRef = EF3526B319BC8E9F006A5521 /* AppDelegate.m */; };
		EF3526BC19BC8E9F006A5521 /* Images.xcassets in Resources */ = {isa = PBXBuildFile; fileRef = EF3526BB19BC8E9F006A5521 /* Images.xcassets */; };
		EF3526F319BC9882006A5521 /* ASIAuthenticationDialog.m in Sources */ = {isa = PBXBuildFile; fileRef = EF3526DD19BC9882006A5521 /* ASIAuthenticationDialog.m */; settings = {COMPILER_FLAGS = "-fno-objc-arc"; }; };
		EF3526F419BC9882006A5521 /* ASIDataCompressor.m in Sources */ = {isa = PBXBuildFile; fileRef = EF3526E019BC9882006A5521 /* ASIDataCompressor.m */; settings = {COMPILER_FLAGS = "-fno-objc-arc"; }; };
		EF3526F519BC9882006A5521 /* ASIDataDecompressor.m in Sources */ = {isa = PBXBuildFile; fileRef = EF3526E219BC9882006A5521 /* ASIDataDecompressor.m */; settings = {COMPILER_FLAGS = "-fno-objc-arc"; }; };
		EF3526F619BC9882006A5521 /* ASIDownloadCache.m in Sources */ = {isa = PBXBuildFile; fileRef = EF3526E419BC9882006A5521 /* ASIDownloadCache.m */; settings = {COMPILER_FLAGS = "-fno-objc-arc"; }; };
		EF3526F719BC9882006A5521 /* ASIFormDataRequest.m in Sources */ = {isa = PBXBuildFile; fileRef = EF3526E619BC9882006A5521 /* ASIFormDataRequest.m */; settings = {COMPILER_FLAGS = "-fno-objc-arc"; }; };
		EF3526F819BC9882006A5521 /* ASIHTTPRequest.m in Sources */ = {isa = PBXBuildFile; fileRef = EF3526E819BC9882006A5521 /* ASIHTTPRequest.m */; settings = {COMPILER_FLAGS = "-fno-objc-arc"; }; };
		EF3526F919BC9882006A5521 /* ASIInputStream.m in Sources */ = {isa = PBXBuildFile; fileRef = EF3526EC19BC9882006A5521 /* ASIInputStream.m */; settings = {COMPILER_FLAGS = "-fno-objc-arc"; }; };
		EF3526FA19BC9882006A5521 /* ASINetworkQueue.m in Sources */ = {isa = PBXBuildFile; fileRef = EF3526EE19BC9882006A5521 /* ASINetworkQueue.m */; settings = {COMPILER_FLAGS = "-fno-objc-arc"; }; };
		EF3526FB19BC9882006A5521 /* Reachability.m in Sources */ = {isa = PBXBuildFile; fileRef = EF3526F219BC9882006A5521 /* Reachability.m */; settings = {COMPILER_FLAGS = "-fno-objc-arc"; }; };
		EF35270D19BC9AAF006A5521 /* Data_Struct.m in Sources */ = {isa = PBXBuildFile; fileRef = EF3526FE19BC9AAF006A5521 /* Data_Struct.m */; };
		EF35270E19BC9AAF006A5521 /* RequestInterfaceBase.m in Sources */ = {isa = PBXBuildFile; fileRef = EF35270019BC9AAF006A5521 /* RequestInterfaceBase.m */; };
		EF35270F19BC9AAF006A5521 /* NetworkModel.m in Sources */ = {isa = PBXBuildFile; fileRef = EF35270119BC9AAF006A5521 /* NetworkModel.m */; };
		EF35271019BC9AAF006A5521 /* AppRequest.m in Sources */ = {isa = PBXBuildFile; fileRef = EF35270419BC9AAF006A5521 /* AppRequest.m */; };
		EF35271119BC9AAF006A5521 /* HttpNetworkCtrl.m in Sources */ = {isa = PBXBuildFile; fileRef = EF35270619BC9AAF006A5521 /* HttpNetworkCtrl.m */; };
		EF35271219BC9AAF006A5521 /* RequestInfo.m in Sources */ = {isa = PBXBuildFile; fileRef = EF35270919BC9AAF006A5521 /* RequestInfo.m */; };
		EF35271319BC9AAF006A5521 /* NetRst_Struct.m in Sources */ = {isa = PBXBuildFile; fileRef = EF35270B19BC9AAF006A5521 /* NetRst_Struct.m */; };
		EF35271919BC9B60006A5521 /* PublicFunction.m in Sources */ = {isa = PBXBuildFile; fileRef = EF35271819BC9B60006A5521 /* PublicFunction.m */; };
		EF35271B19BCA4F5006A5521 /* CFNetwork.framework in Frameworks */ = {isa = PBXBuildFile; fileRef = EF35271A19BCA4F5006A5521 /* CFNetwork.framework */; };
		EF35271D19BCA53B006A5521 /* Security.framework in Frameworks */ = {isa = PBXBuildFile; fileRef = EF35271C19BCA53B006A5521 /* Security.framework */; };
		EF35271F19BCA561006A5521 /* SystemConfiguration.framework in Frameworks */ = {isa = PBXBuildFile; fileRef = EF35271E19BCA561006A5521 /* SystemConfiguration.framework */; };
		EF35272119BCA5AA006A5521 /* libz.1.2.5.dylib in Frameworks */ = {isa = PBXBuildFile; fileRef = EF35272019BCA5AA006A5521 /* libz.1.2.5.dylib */; };
		EF35272519BCA606006A5521 /* KBJSONSerializing.m in Sources */ = {isa = PBXBuildFile; fileRef = EF35272419BCA606006A5521 /* KBJSONSerializing.m */; };
		EF73033619BD858800656F85 /* RequestRegister.m in Sources */ = {isa = PBXBuildFile; fileRef = EF73033519BD858800656F85 /* RequestRegister.m */; };
		EF73033919BD85B900656F85 /* RequestLogin.m in Sources */ = {isa = PBXBuildFile; fileRef = EF73033819BD85B900656F85 /* RequestLogin.m */; };
		EF73033C19BD861D00656F85 /* RequestOneSentence.m in Sources */ = {isa = PBXBuildFile; fileRef = EF73033B19BD861D00656F85 /* RequestOneSentence.m */; };
		EF73033F19BD863A00656F85 /* RequestWoundPaste.m in Sources */ = {isa = PBXBuildFile; fileRef = EF73033E19BD863A00656F85 /* RequestWoundPaste.m */; };
		EF73034219BD865F00656F85 /* RequestMessage.m in Sources */ = {isa = PBXBuildFile; fileRef = EF73034119BD865F00656F85 /* RequestMessage.m */; };
		EF73034519BD868A00656F85 /* RequestMsgClick.m in Sources */ = {isa = PBXBuildFile; fileRef = EF73034419BD868A00656F85 /* RequestMsgClick.m */; };
		EF73034819BD86A900656F85 /* RequestSignIn.m in Sources */ = {isa = PBXBuildFile; fileRef = EF73034719BD86A900656F85 /* RequestSignIn.m */; };
		EF73034B19BD86CF00656F85 /* RequestAddDB.m in Sources */ = {isa = PBXBuildFile; fileRef = EF73034A19BD86CF00656F85 /* RequestAddDB.m */; };
		EF73034E19BD86EA00656F85 /* RequestRanking.m in Sources */ = {isa = PBXBuildFile; fileRef = EF73034D19BD86EA00656F85 /* RequestRanking.m */; };
		EF73035419BD8F4D00656F85 /* LoginModel.m in Sources */ = {isa = PBXBuildFile; fileRef = EF73035319BD8F4D00656F85 /* LoginModel.m */; };
		EF83182D19C34881003E9DCE /* QQConnection.framework in Frameworks */ = {isa = PBXBuildFile; fileRef = EF83180C19C34881003E9DCE /* QQConnection.framework */; };
		EF83182E19C34881003E9DCE /* QZoneConnection.framework in Frameworks */ = {isa = PBXBuildFile; fileRef = EF83180D19C34881003E9DCE /* QZoneConnection.framework */; };
		EF83182F19C34881003E9DCE /* RenRenConnection.framework in Frameworks */ = {isa = PBXBuildFile; fileRef = EF83180E19C34881003E9DCE /* RenRenConnection.framework */; };
		EF83183019C34881003E9DCE /* SinaWeiboConnection.framework in Frameworks */ = {isa = PBXBuildFile; fileRef = EF83180F19C34881003E9DCE /* SinaWeiboConnection.framework */; };
		EF83183119C34881003E9DCE /* WeChatConnection.framework in Frameworks */ = {isa = PBXBuildFile; fileRef = EF83181019C34881003E9DCE /* WeChatConnection.framework */; };
		EF83183219C34881003E9DCE /* AGCommon.framework in Frameworks */ = {isa = PBXBuildFile; fileRef = EF83181219C34881003E9DCE /* AGCommon.framework */; };
		EF83183319C34881003E9DCE /* ShareSDKLocalizable.strings in Resources */ = {isa = PBXBuildFile; fileRef = EF83181319C34881003E9DCE /* ShareSDKLocalizable.strings */; };
		EF83183419C34881003E9DCE /* Resource.bundle in Resources */ = {isa = PBXBuildFile; fileRef = EF83181519C34881003E9DCE /* Resource.bundle */; };
		EF83183519C34881003E9DCE /* ShareSDKCoreService.framework in Frameworks */ = {isa = PBXBuildFile; fileRef = EF83181619C34881003E9DCE /* ShareSDKCoreService.framework */; };
		EF83183719C34881003E9DCE /* TencentOpenAPI.framework in Frameworks */ = {isa = PBXBuildFile; fileRef = EF83181B19C34881003E9DCE /* TencentOpenAPI.framework */; };
		EF83183819C34881003E9DCE /* TencentOpenApi_IOS_Bundle.bundle in Resources */ = {isa = PBXBuildFile; fileRef = EF83181C19C34881003E9DCE /* TencentOpenApi_IOS_Bundle.bundle */; };
		EF83183919C34881003E9DCE /* RennSDK.bundle in Resources */ = {isa = PBXBuildFile; fileRef = EF83181E19C34881003E9DCE /* RennSDK.bundle */; };
		EF83183A19C34881003E9DCE /* RennSDK.framework in Frameworks */ = {isa = PBXBuildFile; fileRef = EF83181F19C34881003E9DCE /* RennSDK.framework */; };
		EF83183B19C34881003E9DCE /* libSinaWeiboSDK.a in Frameworks */ = {isa = PBXBuildFile; fileRef = EF83182119C34881003E9DCE /* libSinaWeiboSDK.a */; };
		EF83183C19C34881003E9DCE /* WeiboSDK.bundle in Resources */ = {isa = PBXBuildFile; fileRef = EF83182219C34881003E9DCE /* WeiboSDK.bundle */; };
		EF83183D19C34881003E9DCE /* libWeChatSDK.a in Frameworks */ = {isa = PBXBuildFile; fileRef = EF83182519C34881003E9DCE /* libWeChatSDK.a */; };
		EF83183E19C34881003E9DCE /* ShareSDK.framework in Frameworks */ = {isa = PBXBuildFile; fileRef = EF83182819C34881003E9DCE /* ShareSDK.framework */; };
		EF83183F19C34881003E9DCE /* ShareSDKFlatShareViewUI.bundle in Resources */ = {isa = PBXBuildFile; fileRef = EF83182A19C34881003E9DCE /* ShareSDKFlatShareViewUI.bundle */; };
		EF83184019C34881003E9DCE /* ShareSDKFlatShareViewUI.framework in Frameworks */ = {isa = PBXBuildFile; fileRef = EF83182B19C34881003E9DCE /* ShareSDKFlatShareViewUI.framework */; };
		EF83184119C34881003E9DCE /* ShareSDKShareActionSheet.framework in Frameworks */ = {isa = PBXBuildFile; fileRef = EF83182C19C34881003E9DCE /* ShareSDKShareActionSheet.framework */; };
		EF83184319C34919003E9DCE /* QuartzCore.framework in Frameworks */ = {isa = PBXBuildFile; fileRef = EF83184219C34919003E9DCE /* QuartzCore.framework */; };
		EF83184519C34927003E9DCE /* CoreTelephony.framework in Frameworks */ = {isa = PBXBuildFile; fileRef = EF83184419C34927003E9DCE /* CoreTelephony.framework */; };
		EF83184719C3493A003E9DCE /* libicucore.dylib in Frameworks */ = {isa = PBXBuildFile; fileRef = EF83184619C3493A003E9DCE /* libicucore.dylib */; };
		EF83184919C34950003E9DCE /* libstdc++.dylib in Frameworks */ = {isa = PBXBuildFile; fileRef = EF83184819C34950003E9DCE /* libstdc++.dylib */; };
		EF83184B19C34969003E9DCE /* libsqlite3.dylib in Frameworks */ = {isa = PBXBuildFile; fileRef = EF83184A19C34969003E9DCE /* libsqlite3.dylib */; };
		EF83184E19C34A9C003E9DCE /* ShareManager.m in Sources */ = {isa = PBXBuildFile; fileRef = EF83184D19C34A9C003E9DCE /* ShareManager.m */; };
		EFB849CE19C3E5EC00F2E0FA /* MainModel.m in Sources */ = {isa = PBXBuildFile; fileRef = EFB849CD19C3E5EC00F2E0FA /* MainModel.m */; };
		EFB849D219C3E6A400F2E0FA /* SentenceEntity.m in Sources */ = {isa = PBXBuildFile; fileRef = EFB849D119C3E6A400F2E0FA /* SentenceEntity.m */; };
		EFB849D519C43B6D00F2E0FA /* WoundPasteEntity.m in Sources */ = {isa = PBXBuildFile; fileRef = EFB849D419C43B6D00F2E0FA /* WoundPasteEntity.m */; };
		EFB849D819C4533A00F2E0FA /* RankingEntity.m in Sources */ = {isa = PBXBuildFile; fileRef = EFB849D719C4533A00F2E0FA /* RankingEntity.m */; };
		EFD94FD519BDD8B800A68467 /* BLTipView.m in Sources */ = {isa = PBXBuildFile; fileRef = EFD94FD419BDD8B800A68467 /* BLTipView.m */; };
		EFD94FD719BDE37900A68467 /* errorMsg.plist in Resources */ = {isa = PBXBuildFile; fileRef = EFD94FD619BDE37900A68467 /* errorMsg.plist */; };
		FC1466E119C02EF100A2CFEC /* BaseViewController.m in Sources */ = {isa = PBXBuildFile; fileRef = FC1466DF19C02EF100A2CFEC /* BaseViewController.m */; };
		FC1466E219C02EF100A2CFEC /* BaseViewController.xib in Resources */ = {isa = PBXBuildFile; fileRef = FC1466E019C02EF100A2CFEC /* BaseViewController.xib */; };
		FC1466E719C035C700A2CFEC /* LoginNibViewController.m in Sources */ = {isa = PBXBuildFile; fileRef = FC1466E519C035C700A2CFEC /* LoginNibViewController.m */; };
		FC1466E819C035C700A2CFEC /* LoginNibViewController.xib in Resources */ = {isa = PBXBuildFile; fileRef = FC1466E619C035C700A2CFEC /* LoginNibViewController.xib */; };
		FC5F4EFF19C17D1E00385F3A /* WelcomeViewController.m in Sources */ = {isa = PBXBuildFile; fileRef = FC5F4EFD19C17D1E00385F3A /* WelcomeViewController.m */; };
		FC5F4F0019C17D1E00385F3A /* WelcomeViewController.xib in Resources */ = {isa = PBXBuildFile; fileRef = FC5F4EFE19C17D1E00385F3A /* WelcomeViewController.xib */; };
		FC5F4F0619C1831D00385F3A /* 00lead_01.png in Resources */ = {isa = PBXBuildFile; fileRef = FC5F4F0319C1831D00385F3A /* 00lead_01.png */; };
		FC5F4F0719C1831D00385F3A /* 00lead_02.png in Resources */ = {isa = PBXBuildFile; fileRef = FC5F4F0419C1831D00385F3A /* 00lead_02.png */; };
		FC5F4F0819C1831D00385F3A /* 00lead_03.png in Resources */ = {isa = PBXBuildFile; fileRef = FC5F4F0519C1831D00385F3A /* 00lead_03.png */; };
		FC5F4F0A19C1834B00385F3A /* Icon.png in Resources */ = {isa = PBXBuildFile; fileRef = FC5F4F0919C1834B00385F3A /* Icon.png */; };
		FC5F4F0E19C18CBD00385F3A /* MainViewController.m in Sources */ = {isa = PBXBuildFile; fileRef = FC5F4F0C19C18CBD00385F3A /* MainViewController.m */; };
		FC5F4F0F19C18CBD00385F3A /* MainViewController.xib in Resources */ = {isa = PBXBuildFile; fileRef = FC5F4F0D19C18CBD00385F3A /* MainViewController.xib */; };
		FC5F4F1619C1AC8000385F3A /* pageC.png in Resources */ = {isa = PBXBuildFile; fileRef = FC5F4F1019C1AC8000385F3A /* pageC.png */; };
		FC5F4F1719C1AC8000385F3A /* pageO.png in Resources */ = {isa = PBXBuildFile; fileRef = FC5F4F1119C1AC8000385F3A /* pageO.png */; };
		FC5F4F1819C1AC8000385F3A /* sentenceImg.png in Resources */ = {isa = PBXBuildFile; fileRef = FC5F4F1219C1AC8000385F3A /* sentenceImg.png */; };
		FC5F4F1919C1AC8000385F3A /* sentenceTextBg.png in Resources */ = {isa = PBXBuildFile; fileRef = FC5F4F1319C1AC8000385F3A /* sentenceTextBg.png */; };
		FC5F4F1A19C1AC8000385F3A /* shareBg.png in Resources */ = {isa = PBXBuildFile; fileRef = FC5F4F1419C1AC8000385F3A /* shareBg.png */; };
		FC5F4F1B19C1AC8000385F3A /* shareIcon.png in Resources */ = {isa = PBXBuildFile; fileRef = FC5F4F1519C1AC8000385F3A /* shareIcon.png */; };
/* End PBXBuildFile section */

/* Begin PBXFileReference section */
		EF3526A019BC8E9F006A5521 /* Shout.app */ = {isa = PBXFileReference; explicitFileType = wrapper.application; includeInIndex = 0; path = Shout.app; sourceTree = BUILT_PRODUCTS_DIR; };
		EF3526A319BC8E9F006A5521 /* Foundation.framework */ = {isa = PBXFileReference; lastKnownFileType = wrapper.framework; name = Foundation.framework; path = System/Library/Frameworks/Foundation.framework; sourceTree = SDKROOT; };
		EF3526A519BC8E9F006A5521 /* CoreGraphics.framework */ = {isa = PBXFileReference; lastKnownFileType = wrapper.framework; name = CoreGraphics.framework; path = System/Library/Frameworks/CoreGraphics.framework; sourceTree = SDKROOT; };
		EF3526A719BC8E9F006A5521 /* UIKit.framework */ = {isa = PBXFileReference; lastKnownFileType = wrapper.framework; name = UIKit.framework; path = System/Library/Frameworks/UIKit.framework; sourceTree = SDKROOT; };
		EF3526AB19BC8E9F006A5521 /* Shout-Info.plist */ = {isa = PBXFileReference; lastKnownFileType = text.plist.xml; path = "Shout-Info.plist"; sourceTree = "<group>"; };
		EF3526AD19BC8E9F006A5521 /* en */ = {isa = PBXFileReference; lastKnownFileType = text.plist.strings; name = en; path = en.lproj/InfoPlist.strings; sourceTree = "<group>"; };
		EF3526AF19BC8E9F006A5521 /* main.m */ = {isa = PBXFileReference; lastKnownFileType = sourcecode.c.objc; path = main.m; sourceTree = "<group>"; };
		EF3526B119BC8E9F006A5521 /* Shout-Prefix.pch */ = {isa = PBXFileReference; lastKnownFileType = sourcecode.c.h; path = "Shout-Prefix.pch"; sourceTree = "<group>"; };
		EF3526B219BC8E9F006A5521 /* AppDelegate.h */ = {isa = PBXFileReference; lastKnownFileType = sourcecode.c.h; path = AppDelegate.h; sourceTree = "<group>"; };
		EF3526B319BC8E9F006A5521 /* AppDelegate.m */ = {isa = PBXFileReference; lastKnownFileType = sourcecode.c.objc; path = AppDelegate.m; sourceTree = "<group>"; };
		EF3526BB19BC8E9F006A5521 /* Images.xcassets */ = {isa = PBXFileReference; lastKnownFileType = folder.assetcatalog; path = Images.xcassets; sourceTree = "<group>"; };
		EF3526C219BC8EA0006A5521 /* XCTest.framework */ = {isa = PBXFileReference; lastKnownFileType = wrapper.framework; name = XCTest.framework; path = Library/Frameworks/XCTest.framework; sourceTree = DEVELOPER_DIR; };
		EF3526DC19BC9882006A5521 /* ASIAuthenticationDialog.h */ = {isa = PBXFileReference; fileEncoding = 4; lastKnownFileType = sourcecode.c.h; path = ASIAuthenticationDialog.h; sourceTree = "<group>"; };
		EF3526DD19BC9882006A5521 /* ASIAuthenticationDialog.m */ = {isa = PBXFileReference; fileEncoding = 4; lastKnownFileType = sourcecode.c.objc; path = ASIAuthenticationDialog.m; sourceTree = "<group>"; };
		EF3526DE19BC9882006A5521 /* ASICacheDelegate.h */ = {isa = PBXFileReference; fileEncoding = 4; lastKnownFileType = sourcecode.c.h; path = ASICacheDelegate.h; sourceTree = "<group>"; };
		EF3526DF19BC9882006A5521 /* ASIDataCompressor.h */ = {isa = PBXFileReference; fileEncoding = 4; lastKnownFileType = sourcecode.c.h; path = ASIDataCompressor.h; sourceTree = "<group>"; };
		EF3526E019BC9882006A5521 /* ASIDataCompressor.m */ = {isa = PBXFileReference; fileEncoding = 4; lastKnownFileType = sourcecode.c.objc; path = ASIDataCompressor.m; sourceTree = "<group>"; };
		EF3526E119BC9882006A5521 /* ASIDataDecompressor.h */ = {isa = PBXFileReference; fileEncoding = 4; lastKnownFileType = sourcecode.c.h; path = ASIDataDecompressor.h; sourceTree = "<group>"; };
		EF3526E219BC9882006A5521 /* ASIDataDecompressor.m */ = {isa = PBXFileReference; fileEncoding = 4; lastKnownFileType = sourcecode.c.objc; path = ASIDataDecompressor.m; sourceTree = "<group>"; };
		EF3526E319BC9882006A5521 /* ASIDownloadCache.h */ = {isa = PBXFileReference; fileEncoding = 4; lastKnownFileType = sourcecode.c.h; path = ASIDownloadCache.h; sourceTree = "<group>"; };
		EF3526E419BC9882006A5521 /* ASIDownloadCache.m */ = {isa = PBXFileReference; fileEncoding = 4; lastKnownFileType = sourcecode.c.objc; path = ASIDownloadCache.m; sourceTree = "<group>"; };
		EF3526E519BC9882006A5521 /* ASIFormDataRequest.h */ = {isa = PBXFileReference; fileEncoding = 4; lastKnownFileType = sourcecode.c.h; path = ASIFormDataRequest.h; sourceTree = "<group>"; };
		EF3526E619BC9882006A5521 /* ASIFormDataRequest.m */ = {isa = PBXFileReference; fileEncoding = 4; lastKnownFileType = sourcecode.c.objc; path = ASIFormDataRequest.m; sourceTree = "<group>"; };
		EF3526E719BC9882006A5521 /* ASIHTTPRequest.h */ = {isa = PBXFileReference; fileEncoding = 4; lastKnownFileType = sourcecode.c.h; path = ASIHTTPRequest.h; sourceTree = "<group>"; };
		EF3526E819BC9882006A5521 /* ASIHTTPRequest.m */ = {isa = PBXFileReference; fileEncoding = 4; lastKnownFileType = sourcecode.c.objc; path = ASIHTTPRequest.m; sourceTree = "<group>"; };
		EF3526E919BC9882006A5521 /* ASIHTTPRequestConfig.h */ = {isa = PBXFileReference; fileEncoding = 4; lastKnownFileType = sourcecode.c.h; path = ASIHTTPRequestConfig.h; sourceTree = "<group>"; };
		EF3526EA19BC9882006A5521 /* ASIHTTPRequestDelegate.h */ = {isa = PBXFileReference; fileEncoding = 4; lastKnownFileType = sourcecode.c.h; path = ASIHTTPRequestDelegate.h; sourceTree = "<group>"; };
		EF3526EB19BC9882006A5521 /* ASIInputStream.h */ = {isa = PBXFileReference; fileEncoding = 4; lastKnownFileType = sourcecode.c.h; path = ASIInputStream.h; sourceTree = "<group>"; };
		EF3526EC19BC9882006A5521 /* ASIInputStream.m */ = {isa = PBXFileReference; fileEncoding = 4; lastKnownFileType = sourcecode.c.objc; path = ASIInputStream.m; sourceTree = "<group>"; };
		EF3526ED19BC9882006A5521 /* ASINetworkQueue.h */ = {isa = PBXFileReference; fileEncoding = 4; lastKnownFileType = sourcecode.c.h; path = ASINetworkQueue.h; sourceTree = "<group>"; };
		EF3526EE19BC9882006A5521 /* ASINetworkQueue.m */ = {isa = PBXFileReference; fileEncoding = 4; lastKnownFileType = sourcecode.c.objc; path = ASINetworkQueue.m; sourceTree = "<group>"; };
		EF3526EF19BC9882006A5521 /* ASIProgressDelegate.h */ = {isa = PBXFileReference; fileEncoding = 4; lastKnownFileType = sourcecode.c.h; path = ASIProgressDelegate.h; sourceTree = "<group>"; };
		EF3526F119BC9882006A5521 /* Reachability.h */ = {isa = PBXFileReference; fileEncoding = 4; lastKnownFileType = sourcecode.c.h; path = Reachability.h; sourceTree = "<group>"; };
		EF3526F219BC9882006A5521 /* Reachability.m */ = {isa = PBXFileReference; fileEncoding = 4; lastKnownFileType = sourcecode.c.objc; path = Reachability.m; sourceTree = "<group>"; };
		EF3526FD19BC9AAF006A5521 /* Data_Struct.h */ = {isa = PBXFileReference; fileEncoding = 4; lastKnownFileType = sourcecode.c.h; path = Data_Struct.h; sourceTree = "<group>"; };
		EF3526FE19BC9AAF006A5521 /* Data_Struct.m */ = {isa = PBXFileReference; fileEncoding = 4; lastKnownFileType = sourcecode.c.objc; path = Data_Struct.m; sourceTree = "<group>"; };
		EF3526FF19BC9AAF006A5521 /* RequestInterfaceBase.h */ = {isa = PBXFileReference; fileEncoding = 4; lastKnownFileType = sourcecode.c.h; path = RequestInterfaceBase.h; sourceTree = "<group>"; };
		EF35270019BC9AAF006A5521 /* RequestInterfaceBase.m */ = {isa = PBXFileReference; fileEncoding = 4; lastKnownFileType = sourcecode.c.objc; path = RequestInterfaceBase.m; sourceTree = "<group>"; };
		EF35270119BC9AAF006A5521 /* NetworkModel.m */ = {isa = PBXFileReference; fileEncoding = 4; lastKnownFileType = sourcecode.c.objc; path = NetworkModel.m; sourceTree = "<group>"; };
		EF35270319BC9AAF006A5521 /* AppRequest.h */ = {isa = PBXFileReference; fileEncoding = 4; lastKnownFileType = sourcecode.c.h; path = AppRequest.h; sourceTree = "<group>"; };
		EF35270419BC9AAF006A5521 /* AppRequest.m */ = {isa = PBXFileReference; fileEncoding = 4; lastKnownFileType = sourcecode.c.objc; path = AppRequest.m; sourceTree = "<group>"; };
		EF35270519BC9AAF006A5521 /* HttpNetworkCtrl.h */ = {isa = PBXFileReference; fileEncoding = 4; lastKnownFileType = sourcecode.c.h; path = HttpNetworkCtrl.h; sourceTree = "<group>"; };
		EF35270619BC9AAF006A5521 /* HttpNetworkCtrl.m */ = {isa = PBXFileReference; fileEncoding = 4; lastKnownFileType = sourcecode.c.objc; path = HttpNetworkCtrl.m; sourceTree = "<group>"; };
		EF35270719BC9AAF006A5521 /* MsgConstant.h */ = {isa = PBXFileReference; fileEncoding = 4; lastKnownFileType = sourcecode.c.h; path = MsgConstant.h; sourceTree = "<group>"; };
		EF35270819BC9AAF006A5521 /* RequestInfo.h */ = {isa = PBXFileReference; fileEncoding = 4; lastKnownFileType = sourcecode.c.h; path = RequestInfo.h; sourceTree = "<group>"; };
		EF35270919BC9AAF006A5521 /* RequestInfo.m */ = {isa = PBXFileReference; fileEncoding = 4; lastKnownFileType = sourcecode.c.objc; path = RequestInfo.m; sourceTree = "<group>"; };
		EF35270A19BC9AAF006A5521 /* NetworkModel.h */ = {isa = PBXFileReference; fileEncoding = 4; lastKnownFileType = sourcecode.c.h; path = NetworkModel.h; sourceTree = "<group>"; };
		EF35270B19BC9AAF006A5521 /* NetRst_Struct.m */ = {isa = PBXFileReference; fileEncoding = 4; lastKnownFileType = sourcecode.c.objc; path = NetRst_Struct.m; sourceTree = "<group>"; };
		EF35270C19BC9AAF006A5521 /* NetRst_Struct.h */ = {isa = PBXFileReference; fileEncoding = 4; lastKnownFileType = sourcecode.c.h; path = NetRst_Struct.h; sourceTree = "<group>"; };
		EF35271519BC9B5F006A5521 /* GlobalKeys.h */ = {isa = PBXFileReference; fileEncoding = 4; lastKnownFileType = sourcecode.c.h; path = GlobalKeys.h; sourceTree = "<group>"; };
		EF35271619BC9B5F006A5521 /* PublicDef.h */ = {isa = PBXFileReference; fileEncoding = 4; lastKnownFileType = sourcecode.c.h; path = PublicDef.h; sourceTree = "<group>"; };
		EF35271719BC9B60006A5521 /* PublicFunction.h */ = {isa = PBXFileReference; fileEncoding = 4; lastKnownFileType = sourcecode.c.h; path = PublicFunction.h; sourceTree = "<group>"; };
		EF35271819BC9B60006A5521 /* PublicFunction.m */ = {isa = PBXFileReference; fileEncoding = 4; lastKnownFileType = sourcecode.c.objc; path = PublicFunction.m; sourceTree = "<group>"; };
		EF35271A19BCA4F5006A5521 /* CFNetwork.framework */ = {isa = PBXFileReference; lastKnownFileType = wrapper.framework; name = CFNetwork.framework; path = System/Library/Frameworks/CFNetwork.framework; sourceTree = SDKROOT; };
		EF35271C19BCA53B006A5521 /* Security.framework */ = {isa = PBXFileReference; lastKnownFileType = wrapper.framework; name = Security.framework; path = System/Library/Frameworks/Security.framework; sourceTree = SDKROOT; };
		EF35271E19BCA561006A5521 /* SystemConfiguration.framework */ = {isa = PBXFileReference; lastKnownFileType = wrapper.framework; name = SystemConfiguration.framework; path = System/Library/Frameworks/SystemConfiguration.framework; sourceTree = SDKROOT; };
		EF35272019BCA5AA006A5521 /* libz.1.2.5.dylib */ = {isa = PBXFileReference; lastKnownFileType = "compiled.mach-o.dylib"; name = libz.1.2.5.dylib; path = usr/lib/libz.1.2.5.dylib; sourceTree = SDKROOT; };
		EF35272319BCA606006A5521 /* KBJSONSerializing.h */ = {isa = PBXFileReference; fileEncoding = 4; lastKnownFileType = sourcecode.c.h; path = KBJSONSerializing.h; sourceTree = "<group>"; };
		EF35272419BCA606006A5521 /* KBJSONSerializing.m */ = {isa = PBXFileReference; fileEncoding = 4; lastKnownFileType = sourcecode.c.objc; path = KBJSONSerializing.m; sourceTree = "<group>"; };
		EF73033419BD858800656F85 /* RequestRegister.h */ = {isa = PBXFileReference; fileEncoding = 4; lastKnownFileType = sourcecode.c.h; path = RequestRegister.h; sourceTree = "<group>"; };
		EF73033519BD858800656F85 /* RequestRegister.m */ = {isa = PBXFileReference; fileEncoding = 4; lastKnownFileType = sourcecode.c.objc; path = RequestRegister.m; sourceTree = "<group>"; };
		EF73033719BD85B900656F85 /* RequestLogin.h */ = {isa = PBXFileReference; fileEncoding = 4; lastKnownFileType = sourcecode.c.h; path = RequestLogin.h; sourceTree = "<group>"; };
		EF73033819BD85B900656F85 /* RequestLogin.m */ = {isa = PBXFileReference; fileEncoding = 4; lastKnownFileType = sourcecode.c.objc; path = RequestLogin.m; sourceTree = "<group>"; };
		EF73033A19BD861D00656F85 /* RequestOneSentence.h */ = {isa = PBXFileReference; fileEncoding = 4; lastKnownFileType = sourcecode.c.h; path = RequestOneSentence.h; sourceTree = "<group>"; };
		EF73033B19BD861D00656F85 /* RequestOneSentence.m */ = {isa = PBXFileReference; fileEncoding = 4; lastKnownFileType = sourcecode.c.objc; path = RequestOneSentence.m; sourceTree = "<group>"; };
		EF73033D19BD863A00656F85 /* RequestWoundPaste.h */ = {isa = PBXFileReference; fileEncoding = 4; lastKnownFileType = sourcecode.c.h; path = RequestWoundPaste.h; sourceTree = "<group>"; };
		EF73033E19BD863A00656F85 /* RequestWoundPaste.m */ = {isa = PBXFileReference; fileEncoding = 4; lastKnownFileType = sourcecode.c.objc; path = RequestWoundPaste.m; sourceTree = "<group>"; };
		EF73034019BD865F00656F85 /* RequestMessage.h */ = {isa = PBXFileReference; fileEncoding = 4; lastKnownFileType = sourcecode.c.h; path = RequestMessage.h; sourceTree = "<group>"; };
		EF73034119BD865F00656F85 /* RequestMessage.m */ = {isa = PBXFileReference; fileEncoding = 4; lastKnownFileType = sourcecode.c.objc; path = RequestMessage.m; sourceTree = "<group>"; };
		EF73034319BD868A00656F85 /* RequestMsgClick.h */ = {isa = PBXFileReference; fileEncoding = 4; lastKnownFileType = sourcecode.c.h; path = RequestMsgClick.h; sourceTree = "<group>"; };
		EF73034419BD868A00656F85 /* RequestMsgClick.m */ = {isa = PBXFileReference; fileEncoding = 4; lastKnownFileType = sourcecode.c.objc; path = RequestMsgClick.m; sourceTree = "<group>"; };
		EF73034619BD86A900656F85 /* RequestSignIn.h */ = {isa = PBXFileReference; fileEncoding = 4; lastKnownFileType = sourcecode.c.h; path = RequestSignIn.h; sourceTree = "<group>"; };
		EF73034719BD86A900656F85 /* RequestSignIn.m */ = {isa = PBXFileReference; fileEncoding = 4; lastKnownFileType = sourcecode.c.objc; path = RequestSignIn.m; sourceTree = "<group>"; };
		EF73034919BD86CF00656F85 /* RequestAddDB.h */ = {isa = PBXFileReference; fileEncoding = 4; lastKnownFileType = sourcecode.c.h; path = RequestAddDB.h; sourceTree = "<group>"; };
		EF73034A19BD86CF00656F85 /* RequestAddDB.m */ = {isa = PBXFileReference; fileEncoding = 4; lastKnownFileType = sourcecode.c.objc; path = RequestAddDB.m; sourceTree = "<group>"; };
		EF73034C19BD86EA00656F85 /* RequestRanking.h */ = {isa = PBXFileReference; fileEncoding = 4; lastKnownFileType = sourcecode.c.h; path = RequestRanking.h; sourceTree = "<group>"; };
		EF73034D19BD86EA00656F85 /* RequestRanking.m */ = {isa = PBXFileReference; fileEncoding = 4; lastKnownFileType = sourcecode.c.objc; path = RequestRanking.m; sourceTree = "<group>"; };
		EF73035219BD8F4D00656F85 /* LoginModel.h */ = {isa = PBXFileReference; fileEncoding = 4; lastKnownFileType = sourcecode.c.h; path = LoginModel.h; sourceTree = "<group>"; };
		EF73035319BD8F4D00656F85 /* LoginModel.m */ = {isa = PBXFileReference; fileEncoding = 4; lastKnownFileType = sourcecode.c.objc; path = LoginModel.m; sourceTree = "<group>"; };
		EF83180C19C34881003E9DCE /* QQConnection.framework */ = {isa = PBXFileReference; lastKnownFileType = wrapper.framework; path = QQConnection.framework; sourceTree = "<group>"; };
		EF83180D19C34881003E9DCE /* QZoneConnection.framework */ = {isa = PBXFileReference; lastKnownFileType = wrapper.framework; path = QZoneConnection.framework; sourceTree = "<group>"; };
		EF83180E19C34881003E9DCE /* RenRenConnection.framework */ = {isa = PBXFileReference; lastKnownFileType = wrapper.framework; path = RenRenConnection.framework; sourceTree = "<group>"; };
		EF83180F19C34881003E9DCE /* SinaWeiboConnection.framework */ = {isa = PBXFileReference; lastKnownFileType = wrapper.framework; path = SinaWeiboConnection.framework; sourceTree = "<group>"; };
		EF83181019C34881003E9DCE /* WeChatConnection.framework */ = {isa = PBXFileReference; lastKnownFileType = wrapper.framework; path = WeChatConnection.framework; sourceTree = "<group>"; };
		EF83181219C34881003E9DCE /* AGCommon.framework */ = {isa = PBXFileReference; lastKnownFileType = wrapper.framework; path = AGCommon.framework; sourceTree = "<group>"; };
		EF83181419C34881003E9DCE /* en */ = {isa = PBXFileReference; lastKnownFileType = text.plist.strings; name = en; path = en.lproj/ShareSDKLocalizable.strings; sourceTree = "<group>"; };
		EF83181519C34881003E9DCE /* Resource.bundle */ = {isa = PBXFileReference; lastKnownFileType = "wrapper.plug-in"; path = Resource.bundle; sourceTree = "<group>"; };
		EF83181619C34881003E9DCE /* ShareSDKCoreService.framework */ = {isa = PBXFileReference; lastKnownFileType = wrapper.framework; path = ShareSDKCoreService.framework; sourceTree = "<group>"; };
		EF83181819C34881003E9DCE /* zh-Hans */ = {isa = PBXFileReference; lastKnownFileType = text.plist.strings; name = "zh-Hans"; path = "zh-Hans.lproj/ShareSDKLocalizable.strings"; sourceTree = "<group>"; };
		EF83181B19C34881003E9DCE /* TencentOpenAPI.framework */ = {isa = PBXFileReference; lastKnownFileType = wrapper.framework; path = TencentOpenAPI.framework; sourceTree = "<group>"; };
		EF83181C19C34881003E9DCE /* TencentOpenApi_IOS_Bundle.bundle */ = {isa = PBXFileReference; lastKnownFileType = "wrapper.plug-in"; path = TencentOpenApi_IOS_Bundle.bundle; sourceTree = "<group>"; };
		EF83181E19C34881003E9DCE /* RennSDK.bundle */ = {isa = PBXFileReference; lastKnownFileType = "wrapper.plug-in"; path = RennSDK.bundle; sourceTree = "<group>"; };
		EF83181F19C34881003E9DCE /* RennSDK.framework */ = {isa = PBXFileReference; lastKnownFileType = wrapper.framework; path = RennSDK.framework; sourceTree = "<group>"; };
		EF83182119C34881003E9DCE /* libSinaWeiboSDK.a */ = {isa = PBXFileReference; lastKnownFileType = archive.ar; path = libSinaWeiboSDK.a; sourceTree = "<group>"; };
		EF83182219C34881003E9DCE /* WeiboSDK.bundle */ = {isa = PBXFileReference; lastKnownFileType = "wrapper.plug-in"; path = WeiboSDK.bundle; sourceTree = "<group>"; };
		EF83182319C34881003E9DCE /* WeiboSDK.h */ = {isa = PBXFileReference; fileEncoding = 4; lastKnownFileType = sourcecode.c.h; path = WeiboSDK.h; sourceTree = "<group>"; };
		EF83182519C34881003E9DCE /* libWeChatSDK.a */ = {isa = PBXFileReference; lastKnownFileType = archive.ar; path = libWeChatSDK.a; sourceTree = "<group>"; };
		EF83182619C34881003E9DCE /* WXApi.h */ = {isa = PBXFileReference; fileEncoding = 4; lastKnownFileType = sourcecode.c.h; path = WXApi.h; sourceTree = "<group>"; };
		EF83182719C34881003E9DCE /* WXApiObject.h */ = {isa = PBXFileReference; fileEncoding = 4; lastKnownFileType = sourcecode.c.h; path = WXApiObject.h; sourceTree = "<group>"; };
		EF83182819C34881003E9DCE /* ShareSDK.framework */ = {isa = PBXFileReference; lastKnownFileType = wrapper.framework; path = ShareSDK.framework; sourceTree = "<group>"; };
		EF83182A19C34881003E9DCE /* ShareSDKFlatShareViewUI.bundle */ = {isa = PBXFileReference; lastKnownFileType = "wrapper.plug-in"; path = ShareSDKFlatShareViewUI.bundle; sourceTree = "<group>"; };
		EF83182B19C34881003E9DCE /* ShareSDKFlatShareViewUI.framework */ = {isa = PBXFileReference; lastKnownFileType = wrapper.framework; path = ShareSDKFlatShareViewUI.framework; sourceTree = "<group>"; };
		EF83182C19C34881003E9DCE /* ShareSDKShareActionSheet.framework */ = {isa = PBXFileReference; lastKnownFileType = wrapper.framework; path = ShareSDKShareActionSheet.framework; sourceTree = "<group>"; };
		EF83184219C34919003E9DCE /* QuartzCore.framework */ = {isa = PBXFileReference; lastKnownFileType = wrapper.framework; name = QuartzCore.framework; path = System/Library/Frameworks/QuartzCore.framework; sourceTree = SDKROOT; };
		EF83184419C34927003E9DCE /* CoreTelephony.framework */ = {isa = PBXFileReference; lastKnownFileType = wrapper.framework; name = CoreTelephony.framework; path = System/Library/Frameworks/CoreTelephony.framework; sourceTree = SDKROOT; };
		EF83184619C3493A003E9DCE /* libicucore.dylib */ = {isa = PBXFileReference; lastKnownFileType = "compiled.mach-o.dylib"; name = libicucore.dylib; path = usr/lib/libicucore.dylib; sourceTree = SDKROOT; };
		EF83184819C34950003E9DCE /* libstdc++.dylib */ = {isa = PBXFileReference; lastKnownFileType = "compiled.mach-o.dylib"; name = "libstdc++.dylib"; path = "usr/lib/libstdc++.dylib"; sourceTree = SDKROOT; };
		EF83184A19C34969003E9DCE /* libsqlite3.dylib */ = {isa = PBXFileReference; lastKnownFileType = "compiled.mach-o.dylib"; name = libsqlite3.dylib; path = usr/lib/libsqlite3.dylib; sourceTree = SDKROOT; };
		EF83184C19C34A9C003E9DCE /* ShareManager.h */ = {isa = PBXFileReference; fileEncoding = 4; lastKnownFileType = sourcecode.c.h; path = ShareManager.h; sourceTree = "<group>"; };
		EF83184D19C34A9C003E9DCE /* ShareManager.m */ = {isa = PBXFileReference; fileEncoding = 4; lastKnownFileType = sourcecode.c.objc; path = ShareManager.m; sourceTree = "<group>"; };
		EFB849CC19C3E5EC00F2E0FA /* MainModel.h */ = {isa = PBXFileReference; fileEncoding = 4; lastKnownFileType = sourcecode.c.h; path = MainModel.h; sourceTree = "<group>"; };
		EFB849CD19C3E5EC00F2E0FA /* MainModel.m */ = {isa = PBXFileReference; fileEncoding = 4; lastKnownFileType = sourcecode.c.objc; path = MainModel.m; sourceTree = "<group>"; };
		EFB849D019C3E6A400F2E0FA /* SentenceEntity.h */ = {isa = PBXFileReference; fileEncoding = 4; lastKnownFileType = sourcecode.c.h; path = SentenceEntity.h; sourceTree = "<group>"; };
		EFB849D119C3E6A400F2E0FA /* SentenceEntity.m */ = {isa = PBXFileReference; fileEncoding = 4; lastKnownFileType = sourcecode.c.objc; path = SentenceEntity.m; sourceTree = "<group>"; };
		EFB849D319C43B6D00F2E0FA /* WoundPasteEntity.h */ = {isa = PBXFileReference; fileEncoding = 4; lastKnownFileType = sourcecode.c.h; path = WoundPasteEntity.h; sourceTree = "<group>"; };
		EFB849D419C43B6D00F2E0FA /* WoundPasteEntity.m */ = {isa = PBXFileReference; fileEncoding = 4; lastKnownFileType = sourcecode.c.objc; path = WoundPasteEntity.m; sourceTree = "<group>"; };
		EFB849D619C4533A00F2E0FA /* RankingEntity.h */ = {isa = PBXFileReference; fileEncoding = 4; lastKnownFileType = sourcecode.c.h; path = RankingEntity.h; sourceTree = "<group>"; };
		EFB849D719C4533A00F2E0FA /* RankingEntity.m */ = {isa = PBXFileReference; fileEncoding = 4; lastKnownFileType = sourcecode.c.objc; path = RankingEntity.m; sourceTree = "<group>"; };
		EFD94FD319BDD8B800A68467 /* BLTipView.h */ = {isa = PBXFileReference; fileEncoding = 4; lastKnownFileType = sourcecode.c.h; path = BLTipView.h; sourceTree = "<group>"; };
		EFD94FD419BDD8B800A68467 /* BLTipView.m */ = {isa = PBXFileReference; fileEncoding = 4; lastKnownFileType = sourcecode.c.objc; path = BLTipView.m; sourceTree = "<group>"; };
		EFD94FD619BDE37900A68467 /* errorMsg.plist */ = {isa = PBXFileReference; fileEncoding = 4; lastKnownFileType = text.plist.xml; path = errorMsg.plist; sourceTree = "<group>"; };
		FC1466DE19C02EF100A2CFEC /* BaseViewController.h */ = {isa = PBXFileReference; fileEncoding = 4; lastKnownFileType = sourcecode.c.h; path = BaseViewController.h; sourceTree = "<group>"; };
		FC1466DF19C02EF100A2CFEC /* BaseViewController.m */ = {isa = PBXFileReference; fileEncoding = 4; lastKnownFileType = sourcecode.c.objc; path = BaseViewController.m; sourceTree = "<group>"; };
		FC1466E019C02EF100A2CFEC /* BaseViewController.xib */ = {isa = PBXFileReference; fileEncoding = 4; lastKnownFileType = file.xib; path = BaseViewController.xib; sourceTree = "<group>"; };
		FC1466E419C035C700A2CFEC /* LoginNibViewController.h */ = {isa = PBXFileReference; fileEncoding = 4; lastKnownFileType = sourcecode.c.h; path = LoginNibViewController.h; sourceTree = "<group>"; };
		FC1466E519C035C700A2CFEC /* LoginNibViewController.m */ = {isa = PBXFileReference; fileEncoding = 4; lastKnownFileType = sourcecode.c.objc; path = LoginNibViewController.m; sourceTree = "<group>"; };
		FC1466E619C035C700A2CFEC /* LoginNibViewController.xib */ = {isa = PBXFileReference; fileEncoding = 4; lastKnownFileType = file.xib; path = LoginNibViewController.xib; sourceTree = "<group>"; };
		FC5F4EFC19C17D1E00385F3A /* WelcomeViewController.h */ = {isa = PBXFileReference; fileEncoding = 4; lastKnownFileType = sourcecode.c.h; path = WelcomeViewController.h; sourceTree = "<group>"; };
		FC5F4EFD19C17D1E00385F3A /* WelcomeViewController.m */ = {isa = PBXFileReference; fileEncoding = 4; lastKnownFileType = sourcecode.c.objc; path = WelcomeViewController.m; sourceTree = "<group>"; };
		FC5F4EFE19C17D1E00385F3A /* WelcomeViewController.xib */ = {isa = PBXFileReference; fileEncoding = 4; lastKnownFileType = file.xib; path = WelcomeViewController.xib; sourceTree = "<group>"; };
		FC5F4F0319C1831D00385F3A /* 00lead_01.png */ = {isa = PBXFileReference; lastKnownFileType = image.png; path = 00lead_01.png; sourceTree = "<group>"; };
		FC5F4F0419C1831D00385F3A /* 00lead_02.png */ = {isa = PBXFileReference; lastKnownFileType = image.png; path = 00lead_02.png; sourceTree = "<group>"; };
		FC5F4F0519C1831D00385F3A /* 00lead_03.png */ = {isa = PBXFileReference; lastKnownFileType = image.png; path = 00lead_03.png; sourceTree = "<group>"; };
		FC5F4F0919C1834B00385F3A /* Icon.png */ = {isa = PBXFileReference; lastKnownFileType = image.png; path = Icon.png; sourceTree = "<group>"; };
		FC5F4F0B19C18CBD00385F3A /* MainViewController.h */ = {isa = PBXFileReference; fileEncoding = 4; lastKnownFileType = sourcecode.c.h; path = MainViewController.h; sourceTree = "<group>"; };
		FC5F4F0C19C18CBD00385F3A /* MainViewController.m */ = {isa = PBXFileReference; fileEncoding = 4; lastKnownFileType = sourcecode.c.objc; path = MainViewController.m; sourceTree = "<group>"; };
		FC5F4F0D19C18CBD00385F3A /* MainViewController.xib */ = {isa = PBXFileReference; fileEncoding = 4; lastKnownFileType = file.xib; path = MainViewController.xib; sourceTree = "<group>"; };
		FC5F4F1019C1AC8000385F3A /* pageC.png */ = {isa = PBXFileReference; lastKnownFileType = image.png; path = pageC.png; sourceTree = "<group>"; };
		FC5F4F1119C1AC8000385F3A /* pageO.png */ = {isa = PBXFileReference; lastKnownFileType = image.png; path = pageO.png; sourceTree = "<group>"; };
		FC5F4F1219C1AC8000385F3A /* sentenceImg.png */ = {isa = PBXFileReference; lastKnownFileType = image.png; path = sentenceImg.png; sourceTree = "<group>"; };
		FC5F4F1319C1AC8000385F3A /* sentenceTextBg.png */ = {isa = PBXFileReference; lastKnownFileType = image.png; path = sentenceTextBg.png; sourceTree = "<group>"; };
		FC5F4F1419C1AC8000385F3A /* shareBg.png */ = {isa = PBXFileReference; lastKnownFileType = image.png; path = shareBg.png; sourceTree = "<group>"; };
		FC5F4F1519C1AC8000385F3A /* shareIcon.png */ = {isa = PBXFileReference; lastKnownFileType = image.png; path = shareIcon.png; sourceTree = "<group>"; };
/* End PBXFileReference section */

/* Begin PBXFrameworksBuildPhase section */
		EF35269D19BC8E9F006A5521 /* Frameworks */ = {
			isa = PBXFrameworksBuildPhase;
			buildActionMask = 2147483647;
			files = (
				EF83184B19C34969003E9DCE /* libsqlite3.dylib in Frameworks */,
				EF83184919C34950003E9DCE /* libstdc++.dylib in Frameworks */,
				EF83184719C3493A003E9DCE /* libicucore.dylib in Frameworks */,
				EF83184519C34927003E9DCE /* CoreTelephony.framework in Frameworks */,
				EF83184319C34919003E9DCE /* QuartzCore.framework in Frameworks */,
				EF35272119BCA5AA006A5521 /* libz.1.2.5.dylib in Frameworks */,
				EF35271F19BCA561006A5521 /* SystemConfiguration.framework in Frameworks */,
				EF83183D19C34881003E9DCE /* libWeChatSDK.a in Frameworks */,
				EF83183A19C34881003E9DCE /* RennSDK.framework in Frameworks */,
				EF83183119C34881003E9DCE /* WeChatConnection.framework in Frameworks */,
				EF83183B19C34881003E9DCE /* libSinaWeiboSDK.a in Frameworks */,
				EF35271D19BCA53B006A5521 /* Security.framework in Frameworks */,
				EF35271B19BCA4F5006A5521 /* CFNetwork.framework in Frameworks */,
				EF83182D19C34881003E9DCE /* QQConnection.framework in Frameworks */,
				EF83183019C34881003E9DCE /* SinaWeiboConnection.framework in Frameworks */,
				EF3526A619BC8E9F006A5521 /* CoreGraphics.framework in Frameworks */,
				EF83184019C34881003E9DCE /* ShareSDKFlatShareViewUI.framework in Frameworks */,
				EF83183519C34881003E9DCE /* ShareSDKCoreService.framework in Frameworks */,
				EF83182F19C34881003E9DCE /* RenRenConnection.framework in Frameworks */,
				EF83183719C34881003E9DCE /* TencentOpenAPI.framework in Frameworks */,
				EF83183219C34881003E9DCE /* AGCommon.framework in Frameworks */,
				EF3526A819BC8E9F006A5521 /* UIKit.framework in Frameworks */,
				EF3526A419BC8E9F006A5521 /* Foundation.framework in Frameworks */,
				EF83184119C34881003E9DCE /* ShareSDKShareActionSheet.framework in Frameworks */,
				EF83183E19C34881003E9DCE /* ShareSDK.framework in Frameworks */,
				EF83182E19C34881003E9DCE /* QZoneConnection.framework in Frameworks */,
			);
			runOnlyForDeploymentPostprocessing = 0;
		};
/* End PBXFrameworksBuildPhase section */

/* Begin PBXGroup section */
		EF35269719BC8E9F006A5521 = {
			isa = PBXGroup;
			children = (
				EF3526A919BC8E9F006A5521 /* Shout */,
				EF3526A219BC8E9F006A5521 /* Frameworks */,
				EF3526A119BC8E9F006A5521 /* Products */,
			);
			sourceTree = "<group>";
		};
		EF3526A119BC8E9F006A5521 /* Products */ = {
			isa = PBXGroup;
			children = (
				EF3526A019BC8E9F006A5521 /* Shout.app */,
			);
			name = Products;
			sourceTree = "<group>";
		};
		EF3526A219BC8E9F006A5521 /* Frameworks */ = {
			isa = PBXGroup;
			children = (
				EF83184A19C34969003E9DCE /* libsqlite3.dylib */,
				EF83184819C34950003E9DCE /* libstdc++.dylib */,
				EF83184619C3493A003E9DCE /* libicucore.dylib */,
				EF83184419C34927003E9DCE /* CoreTelephony.framework */,
				EF83184219C34919003E9DCE /* QuartzCore.framework */,
				EF35272019BCA5AA006A5521 /* libz.1.2.5.dylib */,
				EF35271E19BCA561006A5521 /* SystemConfiguration.framework */,
				EF35271C19BCA53B006A5521 /* Security.framework */,
				EF35271A19BCA4F5006A5521 /* CFNetwork.framework */,
				EF3526A319BC8E9F006A5521 /* Foundation.framework */,
				EF3526A519BC8E9F006A5521 /* CoreGraphics.framework */,
				EF3526A719BC8E9F006A5521 /* UIKit.framework */,
				EF3526C219BC8EA0006A5521 /* XCTest.framework */,
			);
			name = Frameworks;
			sourceTree = "<group>";
		};
		EF3526A919BC8E9F006A5521 /* Shout */ = {
			isa = PBXGroup;
			children = (
				FC5F4F0919C1834B00385F3A /* Icon.png */,
				FC5F4F0219C1830A00385F3A /* Res */,
				FC1466DD19C02EC200A2CFEC /* ViewControllers */,
				EF3526B219BC8E9F006A5521 /* AppDelegate.h */,
				EF3526B319BC8E9F006A5521 /* AppDelegate.m */,
				EF73035219BD8F4D00656F85 /* LoginModel.h */,
				EF73035319BD8F4D00656F85 /* LoginModel.m */,
				EFB849CC19C3E5EC00F2E0FA /* MainModel.h */,
				EFB849CD19C3E5EC00F2E0FA /* MainModel.m */,
				EF83184C19C34A9C003E9DCE /* ShareManager.h */,
				EF83184D19C34A9C003E9DCE /* ShareManager.m */,
				EF3526D919BC9882006A5521 /* Service */,
				EF35271419BC9B2E006A5521 /* Public */,
				EF3526BB19BC8E9F006A5521 /* Images.xcassets */,
				EF3526DA19BC9882006A5521 /* ThirdTools */,
				EF3526AA19BC8E9F006A5521 /* Supporting Files */,
			);
			path = Shout;
			sourceTree = "<group>";
		};
		EF3526AA19BC8E9F006A5521 /* Supporting Files */ = {
			isa = PBXGroup;
			children = (
				EFD94FD619BDE37900A68467 /* errorMsg.plist */,
				EF3526AB19BC8E9F006A5521 /* Shout-Info.plist */,
				EF3526AC19BC8E9F006A5521 /* InfoPlist.strings */,
				EF3526AF19BC8E9F006A5521 /* main.m */,
				EF3526B119BC8E9F006A5521 /* Shout-Prefix.pch */,
			);
			name = "Supporting Files";
			sourceTree = "<group>";
		};
		EF3526D919BC9882006A5521 /* Service */ = {
			isa = PBXGroup;
			children = (
				EF35270C19BC9AAF006A5521 /* NetRst_Struct.h */,
				EF35270B19BC9AAF006A5521 /* NetRst_Struct.m */,
				EF35270A19BC9AAF006A5521 /* NetworkModel.h */,
				EF35270119BC9AAF006A5521 /* NetworkModel.m */,
				EFB849CF19C3E67B00F2E0FA /* DataEntity */,
				EF35270219BC9AAF006A5521 /* NetworkControl */,
				EF3526FC19BC9AAF006A5521 /* RequestInterface */,
			);
			path = Service;
			sourceTree = "<group>";
		};
		EF3526DA19BC9882006A5521 /* ThirdTools */ = {
			isa = PBXGroup;
			children = (
				EF83180A19C34881003E9DCE /* ShareSDK */,
				EF3526DB19BC9882006A5521 /* ASIHTTP */,
				EF3526F019BC9882006A5521 /* Reachability */,
			);
			path = ThirdTools;
			sourceTree = "<group>";
		};
		EF3526DB19BC9882006A5521 /* ASIHTTP */ = {
			isa = PBXGroup;
			children = (
				EF3526DC19BC9882006A5521 /* ASIAuthenticationDialog.h */,
				EF3526DD19BC9882006A5521 /* ASIAuthenticationDialog.m */,
				EF3526DE19BC9882006A5521 /* ASICacheDelegate.h */,
				EF3526DF19BC9882006A5521 /* ASIDataCompressor.h */,
				EF3526E019BC9882006A5521 /* ASIDataCompressor.m */,
				EF3526E119BC9882006A5521 /* ASIDataDecompressor.h */,
				EF3526E219BC9882006A5521 /* ASIDataDecompressor.m */,
				EF3526E319BC9882006A5521 /* ASIDownloadCache.h */,
				EF3526E419BC9882006A5521 /* ASIDownloadCache.m */,
				EF3526E519BC9882006A5521 /* ASIFormDataRequest.h */,
				EF3526E619BC9882006A5521 /* ASIFormDataRequest.m */,
				EF3526E719BC9882006A5521 /* ASIHTTPRequest.h */,
				EF3526E819BC9882006A5521 /* ASIHTTPRequest.m */,
				EF3526E919BC9882006A5521 /* ASIHTTPRequestConfig.h */,
				EF3526EA19BC9882006A5521 /* ASIHTTPRequestDelegate.h */,
				EF3526EB19BC9882006A5521 /* ASIInputStream.h */,
				EF3526EC19BC9882006A5521 /* ASIInputStream.m */,
				EF3526ED19BC9882006A5521 /* ASINetworkQueue.h */,
				EF3526EE19BC9882006A5521 /* ASINetworkQueue.m */,
				EF3526EF19BC9882006A5521 /* ASIProgressDelegate.h */,
			);
			path = ASIHTTP;
			sourceTree = "<group>";
		};
		EF3526F019BC9882006A5521 /* Reachability */ = {
			isa = PBXGroup;
			children = (
				EF3526F119BC9882006A5521 /* Reachability.h */,
				EF3526F219BC9882006A5521 /* Reachability.m */,
			);
			path = Reachability;
			sourceTree = "<group>";
		};
		EF3526FC19BC9AAF006A5521 /* RequestInterface */ = {
			isa = PBXGroup;
			children = (
				EF3526FD19BC9AAF006A5521 /* Data_Struct.h */,
				EF3526FE19BC9AAF006A5521 /* Data_Struct.m */,
				EF3526FF19BC9AAF006A5521 /* RequestInterfaceBase.h */,
				EF35270019BC9AAF006A5521 /* RequestInterfaceBase.m */,
				EF73033419BD858800656F85 /* RequestRegister.h */,
				EF73033519BD858800656F85 /* RequestRegister.m */,
				EF73033719BD85B900656F85 /* RequestLogin.h */,
				EF73033819BD85B900656F85 /* RequestLogin.m */,
				EF73033A19BD861D00656F85 /* RequestOneSentence.h */,
				EF73033B19BD861D00656F85 /* RequestOneSentence.m */,
				EF73033D19BD863A00656F85 /* RequestWoundPaste.h */,
				EF73033E19BD863A00656F85 /* RequestWoundPaste.m */,
				EF73034019BD865F00656F85 /* RequestMessage.h */,
				EF73034119BD865F00656F85 /* RequestMessage.m */,
				EF73034319BD868A00656F85 /* RequestMsgClick.h */,
				EF73034419BD868A00656F85 /* RequestMsgClick.m */,
				EF73034619BD86A900656F85 /* RequestSignIn.h */,
				EF73034719BD86A900656F85 /* RequestSignIn.m */,
				EF73034919BD86CF00656F85 /* RequestAddDB.h */,
				EF73034A19BD86CF00656F85 /* RequestAddDB.m */,
				EF73034C19BD86EA00656F85 /* RequestRanking.h */,
				EF73034D19BD86EA00656F85 /* RequestRanking.m */,
			);
			path = RequestInterface;
			sourceTree = "<group>";
		};
		EF35270219BC9AAF006A5521 /* NetworkControl */ = {
			isa = PBXGroup;
			children = (
				EF35270719BC9AAF006A5521 /* MsgConstant.h */,
				EF35270319BC9AAF006A5521 /* AppRequest.h */,
				EF35270419BC9AAF006A5521 /* AppRequest.m */,
				EF35270519BC9AAF006A5521 /* HttpNetworkCtrl.h */,
				EF35270619BC9AAF006A5521 /* HttpNetworkCtrl.m */,
				EF35270819BC9AAF006A5521 /* RequestInfo.h */,
				EF35270919BC9AAF006A5521 /* RequestInfo.m */,
			);
			path = NetworkControl;
			sourceTree = "<group>";
		};
		EF35271419BC9B2E006A5521 /* Public */ = {
			isa = PBXGroup;
			children = (
				EF35271519BC9B5F006A5521 /* GlobalKeys.h */,
				EF35271619BC9B5F006A5521 /* PublicDef.h */,
				EF35271719BC9B60006A5521 /* PublicFunction.h */,
				EF35271819BC9B60006A5521 /* PublicFunction.m */,
				EFD94FD219BDD89E00A68467 /* ViewsAndControllers */,
				EF35272219BCA5F5006A5521 /* ObjectExtends */,
			);
			path = Public;
			sourceTree = "<group>";
		};
		EF35272219BCA5F5006A5521 /* ObjectExtends */ = {
			isa = PBXGroup;
			children = (
				EF35272319BCA606006A5521 /* KBJSONSerializing.h */,
				EF35272419BCA606006A5521 /* KBJSONSerializing.m */,
			);
			path = ObjectExtends;
			sourceTree = "<group>";
		};
		EF83180A19C34881003E9DCE /* ShareSDK */ = {
			isa = PBXGroup;
			children = (
				EF83180B19C34881003E9DCE /* Connection */,
				EF83181119C34881003E9DCE /* Core */,
				EF83181919C34881003E9DCE /* Extend */,
				EF83182819C34881003E9DCE /* ShareSDK.framework */,
				EF83182919C34881003E9DCE /* UI */,
			);
			path = ShareSDK;
			sourceTree = "<group>";
		};
		EF83180B19C34881003E9DCE /* Connection */ = {
			isa = PBXGroup;
			children = (
				EF83180C19C34881003E9DCE /* QQConnection.framework */,
				EF83180D19C34881003E9DCE /* QZoneConnection.framework */,
				EF83180E19C34881003E9DCE /* RenRenConnection.framework */,
				EF83180F19C34881003E9DCE /* SinaWeiboConnection.framework */,
				EF83181019C34881003E9DCE /* WeChatConnection.framework */,
			);
			path = Connection;
			sourceTree = "<group>";
		};
		EF83181119C34881003E9DCE /* Core */ = {
			isa = PBXGroup;
			children = (
				EF83181219C34881003E9DCE /* AGCommon.framework */,
				EF83181319C34881003E9DCE /* ShareSDKLocalizable.strings */,
				EF83181519C34881003E9DCE /* Resource.bundle */,
				EF83181619C34881003E9DCE /* ShareSDKCoreService.framework */,
			);
			path = Core;
			sourceTree = "<group>";
		};
		EF83181919C34881003E9DCE /* Extend */ = {
			isa = PBXGroup;
			children = (
				EF83181A19C34881003E9DCE /* QQConnectSDK */,
				EF83181D19C34881003E9DCE /* RenRenSDK */,
				EF83182019C34881003E9DCE /* SinaWeiboSDK */,
				EF83182419C34881003E9DCE /* WeChatSDK */,
			);
			path = Extend;
			sourceTree = "<group>";
		};
		EF83181A19C34881003E9DCE /* QQConnectSDK */ = {
			isa = PBXGroup;
			children = (
				EF83181B19C34881003E9DCE /* TencentOpenAPI.framework */,
				EF83181C19C34881003E9DCE /* TencentOpenApi_IOS_Bundle.bundle */,
			);
			path = QQConnectSDK;
			sourceTree = "<group>";
		};
		EF83181D19C34881003E9DCE /* RenRenSDK */ = {
			isa = PBXGroup;
			children = (
				EF83181E19C34881003E9DCE /* RennSDK.bundle */,
				EF83181F19C34881003E9DCE /* RennSDK.framework */,
			);
			path = RenRenSDK;
			sourceTree = "<group>";
		};
		EF83182019C34881003E9DCE /* SinaWeiboSDK */ = {
			isa = PBXGroup;
			children = (
				EF83182119C34881003E9DCE /* libSinaWeiboSDK.a */,
				EF83182219C34881003E9DCE /* WeiboSDK.bundle */,
				EF83182319C34881003E9DCE /* WeiboSDK.h */,
			);
			path = SinaWeiboSDK;
			sourceTree = "<group>";
		};
		EF83182419C34881003E9DCE /* WeChatSDK */ = {
			isa = PBXGroup;
			children = (
				EF83182519C34881003E9DCE /* libWeChatSDK.a */,
				EF83182619C34881003E9DCE /* WXApi.h */,
				EF83182719C34881003E9DCE /* WXApiObject.h */,
			);
			path = WeChatSDK;
			sourceTree = "<group>";
		};
		EF83182919C34881003E9DCE /* UI */ = {
			isa = PBXGroup;
			children = (
				EF83182A19C34881003E9DCE /* ShareSDKFlatShareViewUI.bundle */,
				EF83182B19C34881003E9DCE /* ShareSDKFlatShareViewUI.framework */,
				EF83182C19C34881003E9DCE /* ShareSDKShareActionSheet.framework */,
			);
			path = UI;
			sourceTree = "<group>";
		};
		EFB849CF19C3E67B00F2E0FA /* DataEntity */ = {
			isa = PBXGroup;
			children = (
				EFB849D019C3E6A400F2E0FA /* SentenceEntity.h */,
				EFB849D119C3E6A400F2E0FA /* SentenceEntity.m */,
				EFB849D319C43B6D00F2E0FA /* WoundPasteEntity.h */,
				EFB849D419C43B6D00F2E0FA /* WoundPasteEntity.m */,
				EFB849D619C4533A00F2E0FA /* RankingEntity.h */,
				EFB849D719C4533A00F2E0FA /* RankingEntity.m */,
			);
			path = DataEntity;
			sourceTree = "<group>";
		};
		EFD94FD219BDD89E00A68467 /* ViewsAndControllers */ = {
			isa = PBXGroup;
			children = (
				EFD94FD319BDD8B800A68467 /* BLTipView.h */,
				EFD94FD419BDD8B800A68467 /* BLTipView.m */,
			);
			path = ViewsAndControllers;
			sourceTree = "<group>";
		};
		FC1466DD19C02EC200A2CFEC /* ViewControllers */ = {
			isa = PBXGroup;
			children = (
				FC1466DE19C02EF100A2CFEC /* BaseViewController.h */,
				FC1466DF19C02EF100A2CFEC /* BaseViewController.m */,
				FC1466E019C02EF100A2CFEC /* BaseViewController.xib */,
				FC1466E419C035C700A2CFEC /* LoginNibViewController.h */,
				FC1466E519C035C700A2CFEC /* LoginNibViewController.m */,
				FC1466E619C035C700A2CFEC /* LoginNibViewController.xib */,
				FC5F4EFC19C17D1E00385F3A /* WelcomeViewController.h */,
				FC5F4EFD19C17D1E00385F3A /* WelcomeViewController.m */,
				FC5F4EFE19C17D1E00385F3A /* WelcomeViewController.xib */,
				FC5F4F0B19C18CBD00385F3A /* MainViewController.h */,
				FC5F4F0C19C18CBD00385F3A /* MainViewController.m */,
				FC5F4F0D19C18CBD00385F3A /* MainViewController.xib */,
			);
			name = ViewControllers;
			sourceTree = "<group>";
		};
		FC5F4F0219C1830A00385F3A /* Res */ = {
			isa = PBXGroup;
			children = (
				FC5F4F1019C1AC8000385F3A /* pageC.png */,
				FC5F4F1119C1AC8000385F3A /* pageO.png */,
				FC5F4F1219C1AC8000385F3A /* sentenceImg.png */,
				FC5F4F1319C1AC8000385F3A /* sentenceTextBg.png */,
				FC5F4F1419C1AC8000385F3A /* shareBg.png */,
				FC5F4F1519C1AC8000385F3A /* shareIcon.png */,
				FC5F4F0319C1831D00385F3A /* 00lead_01.png */,
				FC5F4F0419C1831D00385F3A /* 00lead_02.png */,
				FC5F4F0519C1831D00385F3A /* 00lead_03.png */,
			);
			path = Res;
			sourceTree = "<group>";
		};
/* End PBXGroup section */

/* Begin PBXNativeTarget section */
		EF35269F19BC8E9F006A5521 /* Shout */ = {
			isa = PBXNativeTarget;
			buildConfigurationList = EF3526D219BC8EA0006A5521 /* Build configuration list for PBXNativeTarget "Shout" */;
			buildPhases = (
				EF35269C19BC8E9F006A5521 /* Sources */,
				EF35269D19BC8E9F006A5521 /* Frameworks */,
				EF35269E19BC8E9F006A5521 /* Resources */,
			);
			buildRules = (
			);
			dependencies = (
			);
			name = Shout;
			productName = Shout;
			productReference = EF3526A019BC8E9F006A5521 /* Shout.app */;
			productType = "com.apple.product-type.application";
		};
/* End PBXNativeTarget section */

/* Begin PBXProject section */
		EF35269819BC8E9F006A5521 /* Project object */ = {
			isa = PBXProject;
			attributes = {
				LastUpgradeCheck = 0510;
				ORGANIZATIONNAME = wisorg;
			};
			buildConfigurationList = EF35269B19BC8E9F006A5521 /* Build configuration list for PBXProject "Shout" */;
			compatibilityVersion = "Xcode 3.2";
			developmentRegion = English;
			hasScannedForEncodings = 0;
			knownRegions = (
				en,
				Base,
				"zh-Hans",
			);
			mainGroup = EF35269719BC8E9F006A5521;
			productRefGroup = EF3526A119BC8E9F006A5521 /* Products */;
			projectDirPath = "";
			projectRoot = "";
			targets = (
				EF35269F19BC8E9F006A5521 /* Shout */,
			);
		};
/* End PBXProject section */

/* Begin PBXResourcesBuildPhase section */
		EF35269E19BC8E9F006A5521 /* Resources */ = {
			isa = PBXResourcesBuildPhase;
			buildActionMask = 2147483647;
			files = (
				FC5F4F1B19C1AC8000385F3A /* shareIcon.png in Resources */,
				EF3526BC19BC8E9F006A5521 /* Images.xcassets in Resources */,
				FC1466E819C035C700A2CFEC /* LoginNibViewController.xib in Resources */,
				FC5F4F0A19C1834B00385F3A /* Icon.png in Resources */,
				FC5F4F1719C1AC8000385F3A /* pageO.png in Resources */,
				FC5F4F1819C1AC8000385F3A /* sentenceImg.png in Resources */,
				EF83183919C34881003E9DCE /* RennSDK.bundle in Resources */,
				EF83183319C34881003E9DCE /* ShareSDKLocalizable.strings in Resources */,
				FC1466E219C02EF100A2CFEC /* BaseViewController.xib in Resources */,
				EFD94FD719BDE37900A68467 /* errorMsg.plist in Resources */,
				FC5F4F0F19C18CBD00385F3A /* MainViewController.xib in Resources */,
				FC5F4F1919C1AC8000385F3A /* sentenceTextBg.png in Resources */,
				EF83183C19C34881003E9DCE /* WeiboSDK.bundle in Resources */,
				EF3526AE19BC8E9F006A5521 /* InfoPlist.strings in Resources */,
				FC5F4F1A19C1AC8000385F3A /* shareBg.png in Resources */,
				FC5F4F0619C1831D00385F3A /* 00lead_01.png in Resources */,
				FC5F4F1619C1AC8000385F3A /* pageC.png in Resources */,
				FC5F4F0019C17D1E00385F3A /* WelcomeViewController.xib in Resources */,
				EF83183419C34881003E9DCE /* Resource.bundle in Resources */,
				EF83183819C34881003E9DCE /* TencentOpenApi_IOS_Bundle.bundle in Resources */,
				FC5F4F0719C1831D00385F3A /* 00lead_02.png in Resources */,
				EF83183F19C34881003E9DCE /* ShareSDKFlatShareViewUI.bundle in Resources */,
				FC5F4F0819C1831D00385F3A /* 00lead_03.png in Resources */,
			);
			runOnlyForDeploymentPostprocessing = 0;
		};
/* End PBXResourcesBuildPhase section */

/* Begin PBXSourcesBuildPhase section */
		EF35269C19BC8E9F006A5521 /* Sources */ = {
			isa = PBXSourcesBuildPhase;
			buildActionMask = 2147483647;
			files = (
				FC1466E719C035C700A2CFEC /* LoginNibViewController.m in Sources */,
				EF35271919BC9B60006A5521 /* PublicFunction.m in Sources */,
				EF3526F419BC9882006A5521 /* ASIDataCompressor.m in Sources */,
				EF35271219BC9AAF006A5521 /* RequestInfo.m in Sources */,
				EF35271019BC9AAF006A5521 /* AppRequest.m in Sources */,
				FC5F4EFF19C17D1E00385F3A /* WelcomeViewController.m in Sources */,
				EF73034219BD865F00656F85 /* RequestMessage.m in Sources */,
				EF35270F19BC9AAF006A5521 /* NetworkModel.m in Sources */,
				EF73035419BD8F4D00656F85 /* LoginModel.m in Sources */,
				EFB849CE19C3E5EC00F2E0FA /* MainModel.m in Sources */,
				EF73033919BD85B900656F85 /* RequestLogin.m in Sources */,
				EF3526F819BC9882006A5521 /* ASIHTTPRequest.m in Sources */,
				EF35272519BCA606006A5521 /* KBJSONSerializing.m in Sources */,
				EF3526F319BC9882006A5521 /* ASIAuthenticationDialog.m in Sources */,
				EF3526F719BC9882006A5521 /* ASIFormDataRequest.m in Sources */,
				FC1466E119C02EF100A2CFEC /* BaseViewController.m in Sources */,
				EF83184E19C34A9C003E9DCE /* ShareManager.m in Sources */,
				EFB849D819C4533A00F2E0FA /* RankingEntity.m in Sources */,
				EF73034B19BD86CF00656F85 /* RequestAddDB.m in Sources */,
				EF73034519BD868A00656F85 /* RequestMsgClick.m in Sources */,
				EF35271319BC9AAF006A5521 /* NetRst_Struct.m in Sources */,
				EF35271119BC9AAF006A5521 /* HttpNetworkCtrl.m in Sources */,
				EF3526B419BC8E9F006A5521 /* AppDelegate.m in Sources */,
				EF3526F919BC9882006A5521 /* ASIInputStream.m in Sources */,
				EF73033619BD858800656F85 /* RequestRegister.m in Sources */,
				EF73033F19BD863A00656F85 /* RequestWoundPaste.m in Sources */,
				EF73034E19BD86EA00656F85 /* RequestRanking.m in Sources */,
				EFB849D519C43B6D00F2E0FA /* WoundPasteEntity.m in Sources */,
				EF3526B019BC8E9F006A5521 /* main.m in Sources */,
				EF3526FA19BC9882006A5521 /* ASINetworkQueue.m in Sources */,
				EF3526F519BC9882006A5521 /* ASIDataDecompressor.m in Sources */,
				EF35270E19BC9AAF006A5521 /* RequestInterfaceBase.m in Sources */,
				EF73034819BD86A900656F85 /* RequestSignIn.m in Sources */,
				EF3526FB19BC9882006A5521 /* Reachability.m in Sources */,
				FC5F4F0E19C18CBD00385F3A /* MainViewController.m in Sources */,
				EFB849D219C3E6A400F2E0FA /* SentenceEntity.m in Sources */,
				EFD94FD519BDD8B800A68467 /* BLTipView.m in Sources */,
				EF35270D19BC9AAF006A5521 /* Data_Struct.m in Sources */,
				EF3526F619BC9882006A5521 /* ASIDownloadCache.m in Sources */,
				EF73033C19BD861D00656F85 /* RequestOneSentence.m in Sources */,
			);
			runOnlyForDeploymentPostprocessing = 0;
		};
/* End PBXSourcesBuildPhase section */

/* Begin PBXVariantGroup section */
		EF3526AC19BC8E9F006A5521 /* InfoPlist.strings */ = {
			isa = PBXVariantGroup;
			children = (
				EF3526AD19BC8E9F006A5521 /* en */,
			);
			name = InfoPlist.strings;
			sourceTree = "<group>";
		};
		EF83181319C34881003E9DCE /* ShareSDKLocalizable.strings */ = {
			isa = PBXVariantGroup;
			children = (
				EF83181419C34881003E9DCE /* en */,
				EF83181819C34881003E9DCE /* zh-Hans */,
			);
			name = ShareSDKLocalizable.strings;
			sourceTree = "<group>";
		};
/* End PBXVariantGroup section */

/* Begin XCBuildConfiguration section */
		EF3526D019BC8EA0006A5521 /* Debug */ = {
			isa = XCBuildConfiguration;
			buildSettings = {
				ALWAYS_SEARCH_USER_PATHS = NO;
				CLANG_CXX_LANGUAGE_STANDARD = "gnu++0x";
				CLANG_CXX_LIBRARY = "libc++";
				CLANG_ENABLE_MODULES = YES;
				CLANG_ENABLE_OBJC_ARC = YES;
				CLANG_WARN_BOOL_CONVERSION = YES;
				CLANG_WARN_CONSTANT_CONVERSION = YES;
				CLANG_WARN_DIRECT_OBJC_ISA_USAGE = YES_ERROR;
				CLANG_WARN_EMPTY_BODY = YES;
				CLANG_WARN_ENUM_CONVERSION = YES;
				CLANG_WARN_INT_CONVERSION = YES;
				CLANG_WARN_OBJC_ROOT_CLASS = YES_ERROR;
				CLANG_WARN__DUPLICATE_METHOD_MATCH = YES;
				"CODE_SIGN_IDENTITY[sdk=iphoneos*]" = "iPhone Developer";
				COPY_PHASE_STRIP = NO;
				GCC_C_LANGUAGE_STANDARD = gnu99;
				GCC_DYNAMIC_NO_PIC = NO;
				GCC_OPTIMIZATION_LEVEL = 0;
				GCC_PREPROCESSOR_DEFINITIONS = (
					"DEBUG=1",
					"$(inherited)",
				);
				GCC_SYMBOLS_PRIVATE_EXTERN = NO;
				GCC_WARN_64_TO_32_BIT_CONVERSION = YES;
				GCC_WARN_ABOUT_RETURN_TYPE = YES_ERROR;
				GCC_WARN_UNDECLARED_SELECTOR = YES;
				GCC_WARN_UNINITIALIZED_AUTOS = YES_AGGRESSIVE;
				GCC_WARN_UNUSED_FUNCTION = YES;
				GCC_WARN_UNUSED_VARIABLE = YES;
				IPHONEOS_DEPLOYMENT_TARGET = 6.0;
				ONLY_ACTIVE_ARCH = YES;
				SDKROOT = iphoneos;
			};
			name = Debug;
		};
		EF3526D119BC8EA0006A5521 /* Release */ = {
			isa = XCBuildConfiguration;
			buildSettings = {
				ALWAYS_SEARCH_USER_PATHS = NO;
				CLANG_CXX_LANGUAGE_STANDARD = "gnu++0x";
				CLANG_CXX_LIBRARY = "libc++";
				CLANG_ENABLE_MODULES = YES;
				CLANG_ENABLE_OBJC_ARC = YES;
				CLANG_WARN_BOOL_CONVERSION = YES;
				CLANG_WARN_CONSTANT_CONVERSION = YES;
				CLANG_WARN_DIRECT_OBJC_ISA_USAGE = YES_ERROR;
				CLANG_WARN_EMPTY_BODY = YES;
				CLANG_WARN_ENUM_CONVERSION = YES;
				CLANG_WARN_INT_CONVERSION = YES;
				CLANG_WARN_OBJC_ROOT_CLASS = YES_ERROR;
				CLANG_WARN__DUPLICATE_METHOD_MATCH = YES;
				"CODE_SIGN_IDENTITY[sdk=iphoneos*]" = "iPhone Developer";
				COPY_PHASE_STRIP = YES;
				ENABLE_NS_ASSERTIONS = NO;
				GCC_C_LANGUAGE_STANDARD = gnu99;
				GCC_WARN_64_TO_32_BIT_CONVERSION = YES;
				GCC_WARN_ABOUT_RETURN_TYPE = YES_ERROR;
				GCC_WARN_UNDECLARED_SELECTOR = YES;
				GCC_WARN_UNINITIALIZED_AUTOS = YES_AGGRESSIVE;
				GCC_WARN_UNUSED_FUNCTION = YES;
				GCC_WARN_UNUSED_VARIABLE = YES;
				IPHONEOS_DEPLOYMENT_TARGET = 6.0;
				SDKROOT = iphoneos;
				VALIDATE_PRODUCT = YES;
			};
			name = Release;
		};
		EF3526D319BC8EA0006A5521 /* Debug */ = {
			isa = XCBuildConfiguration;
			buildSettings = {
				ASSETCATALOG_COMPILER_APPICON_NAME = AppIcon;
				ASSETCATALOG_COMPILER_LAUNCHIMAGE_NAME = LaunchImage;
				FRAMEWORK_SEARCH_PATHS = (
					"$(inherited)",
					"$(PROJECT_DIR)/Shout/ThirdTools/ShareSDK/Connection",
					"$(PROJECT_DIR)/Shout/ThirdTools/ShareSDK/Core",
					"$(PROJECT_DIR)/Shout/ThirdTools/ShareSDK/Extend/QQConnectSDK",
					"$(PROJECT_DIR)/Shout/ThirdTools/ShareSDK/Extend/RenRenSDK",
					"$(PROJECT_DIR)/Shout/ThirdTools/ShareSDK",
					"$(PROJECT_DIR)/Shout/ThirdTools/ShareSDK/UI",
				);
				GCC_PRECOMPILE_PREFIX_HEADER = YES;
				GCC_PREFIX_HEADER = "Shout/Shout-Prefix.pch";
				INFOPLIST_FILE = "Shout/Shout-Info.plist";
				LIBRARY_SEARCH_PATHS = (
					"$(inherited)",
					"$(PROJECT_DIR)/Shout/ThirdTools/ShareSDK/Extend/SinaWeiboSDK",
					"$(PROJECT_DIR)/Shout/ThirdTools/ShareSDK/Extend/WeChatSDK",
				);
				PRODUCT_NAME = "$(TARGET_NAME)";
				WRAPPER_EXTENSION = app;
			};
			name = Debug;
		};
		EF3526D419BC8EA0006A5521 /* Release */ = {
			isa = XCBuildConfiguration;
			buildSettings = {
				ASSETCATALOG_COMPILER_APPICON_NAME = AppIcon;
				ASSETCATALOG_COMPILER_LAUNCHIMAGE_NAME = LaunchImage;
				FRAMEWORK_SEARCH_PATHS = (
					"$(inherited)",
					"$(PROJECT_DIR)/Shout/ThirdTools/ShareSDK/Connection",
					"$(PROJECT_DIR)/Shout/ThirdTools/ShareSDK/Core",
					"$(PROJECT_DIR)/Shout/ThirdTools/ShareSDK/Extend/QQConnectSDK",
					"$(PROJECT_DIR)/Shout/ThirdTools/ShareSDK/Extend/RenRenSDK",
					"$(PROJECT_DIR)/Shout/ThirdTools/ShareSDK",
					"$(PROJECT_DIR)/Shout/ThirdTools/ShareSDK/UI",
				);
				GCC_PRECOMPILE_PREFIX_HEADER = YES;
				GCC_PREFIX_HEADER = "Shout/Shout-Prefix.pch";
				INFOPLIST_FILE = "Shout/Shout-Info.plist";
				LIBRARY_SEARCH_PATHS = (
					"$(inherited)",
					"$(PROJECT_DIR)/Shout/ThirdTools/ShareSDK/Extend/SinaWeiboSDK",
					"$(PROJECT_DIR)/Shout/ThirdTools/ShareSDK/Extend/WeChatSDK",
				);
				PRODUCT_NAME = "$(TARGET_NAME)";
				WRAPPER_EXTENSION = app;
			};
			name = Release;
		};
/* End XCBuildConfiguration section */

/* Begin XCConfigurationList section */
		EF35269B19BC8E9F006A5521 /* Build configuration list for PBXProject "Shout" */ = {
			isa = XCConfigurationList;
			buildConfigurations = (
				EF3526D019BC8EA0006A5521 /* Debug */,
				EF3526D119BC8EA0006A5521 /* Release */,
			);
			defaultConfigurationIsVisible = 0;
			defaultConfigurationName = Release;
		};
		EF3526D219BC8EA0006A5521 /* Build configuration list for PBXNativeTarget "Shout" */ = {
			isa = XCConfigurationList;
			buildConfigurations = (
				EF3526D319BC8EA0006A5521 /* Debug */,
				EF3526D419BC8EA0006A5521 /* Release */,
			);
			defaultConfigurationIsVisible = 0;
			defaultConfigurationName = Release;
		};
/* End XCConfigurationList section */
	};
	rootObject = EF35269819BC8E9F006A5521 /* Project object */;
}
